// !$*UTF8*$!
{
	archiveVersion = 1;
	classes = {
	};
	objectVersion = 48;
	objects = {

/* Begin PBXBuildFile section */
		5257B1DE1FEF5C2400B0607F /* player_play.png in Resources */ = {isa = PBXBuildFile; fileRef = 5257B1D61FEF5C2400B0607F /* player_play.png */; };
		5257B1E01FEF5C6A00B0607F /* PhotoCollerction.swift in Sources */ = {isa = PBXBuildFile; fileRef = 5257B1DF1FEF5C6A00B0607F /* PhotoCollerction.swift */; };
		5257B1E21FEF90D700B0607F /* AlbumTableViewCell.xib in Resources */ = {isa = PBXBuildFile; fileRef = 5257B1E11FEF90D700B0607F /* AlbumTableViewCell.xib */; };
		5257B1E41FEF90FE00B0607F /* AlbumTableViewCell.swift in Sources */ = {isa = PBXBuildFile; fileRef = 5257B1E31FEF90FE00B0607F /* AlbumTableViewCell.swift */; };
		5263F43D1FEBDD82006DEFC0 /* AppDelegate.swift in Sources */ = {isa = PBXBuildFile; fileRef = 5263F43C1FEBDD82006DEFC0 /* AppDelegate.swift */; };
		5263F43F1FEBDD82006DEFC0 /* AlbumListViewController.swift in Sources */ = {isa = PBXBuildFile; fileRef = 5263F43E1FEBDD82006DEFC0 /* AlbumListViewController.swift */; };
		5263F4421FEBDD82006DEFC0 /* Main.storyboard in Resources */ = {isa = PBXBuildFile; fileRef = 5263F4401FEBDD82006DEFC0 /* Main.storyboard */; };
		5263F4471FEBDD82006DEFC0 /* Assets.xcassets in Resources */ = {isa = PBXBuildFile; fileRef = 5263F4461FEBDD82006DEFC0 /* Assets.xcassets */; };
		5263F44A1FEBDD82006DEFC0 /* LaunchScreen.storyboard in Resources */ = {isa = PBXBuildFile; fileRef = 5263F4481FEBDD82006DEFC0 /* LaunchScreen.storyboard */; };
		52D936B91FF27F8700C6F6E8 /* MemoEditViewController.swift in Sources */ = {isa = PBXBuildFile; fileRef = 52D936B81FF27F8700C6F6E8 /* MemoEditViewController.swift */; };
		52D936BB1FF27FB500C6F6E8 /* ImageViewController.swift in Sources */ = {isa = PBXBuildFile; fileRef = 52D936BA1FF27FB500C6F6E8 /* ImageViewController.swift */; };
		52D936BD1FF27FD500C6F6E8 /* PlayerViewController.swift in Sources */ = {isa = PBXBuildFile; fileRef = 52D936BC1FF27FD500C6F6E8 /* PlayerViewController.swift */; };
		52E27A6E1FF2776300DEE411 /* PhotosViewController.swift in Sources */ = {isa = PBXBuildFile; fileRef = 52E27A6D1FF2776300DEE411 /* PhotosViewController.swift */; };
		52E6A3021FF9237D006F3BB6 /* memo_button.png in Resources */ = {isa = PBXBuildFile; fileRef = 52E6A2FD1FF9237A006F3BB6 /* memo_button.png */; };
		52E6A3031FF9237D006F3BB6 /* share_button.png in Resources */ = {isa = PBXBuildFile; fileRef = 52E6A2FE1FF9237B006F3BB6 /* share_button.png */; };
		52E6A3041FF9237D006F3BB6 /* setting_button.png in Resources */ = {isa = PBXBuildFile; fileRef = 52E6A2FF1FF9237C006F3BB6 /* setting_button.png */; };
		52E6A3051FF9237D006F3BB6 /* back_button.png in Resources */ = {isa = PBXBuildFile; fileRef = 52E6A3001FF9237C006F3BB6 /* back_button.png */; };
		52E6A3061FF9237D006F3BB6 /* close_button.png in Resources */ = {isa = PBXBuildFile; fileRef = 52E6A3011FF9237C006F3BB6 /* close_button.png */; };
		52E6A30B1FFA59FA006F3BB6 /* CoreDataManager.swift in Sources */ = {isa = PBXBuildFile; fileRef = 52E6A30A1FFA59FA006F3BB6 /* CoreDataManager.swift */; };
		52FEAC5A1FFD09CA000BBB76 /* ImageMemoS.xcdatamodeld in Sources */ = {isa = PBXBuildFile; fileRef = 52FEAC581FFD09CA000BBB76 /* ImageMemoS.xcdatamodeld */; };
		52FEAC621FFD1ABF000BBB76 /* memo_mark.png in Resources */ = {isa = PBXBuildFile; fileRef = 52FEAC601FFD1ABE000BBB76 /* memo_mark.png */; };
		52FEAC631FFD1ABF000BBB76 /* select_mark.png in Resources */ = {isa = PBXBuildFile; fileRef = 52FEAC611FFD1ABE000BBB76 /* select_mark.png */; };
		52FEAC6520010C5D000BBB76 /* feature.txt in Resources */ = {isa = PBXBuildFile; fileRef = 52FEAC6420010C5C000BBB76 /* feature.txt */; };
/* End PBXBuildFile section */

/* Begin PBXContainerItemProxy section */
		5263F4511FEBDD83006DEFC0 /* PBXContainerItemProxy */ = {
			isa = PBXContainerItemProxy;
			containerPortal = 5263F4311FEBDD82006DEFC0 /* Project object */;
			proxyType = 1;
			remoteGlobalIDString = 5263F4381FEBDD82006DEFC0;
			remoteInfo = ImageMemoS;
		};
		5263F45C1FEBDD83006DEFC0 /* PBXContainerItemProxy */ = {
			isa = PBXContainerItemProxy;
			containerPortal = 5263F4311FEBDD82006DEFC0 /* Project object */;
			proxyType = 1;
			remoteGlobalIDString = 5263F4381FEBDD82006DEFC0;
			remoteInfo = ImageMemoS;
		};
/* End PBXContainerItemProxy section */

/* Begin PBXFileReference section */
		5257B1D61FEF5C2400B0607F /* player_play.png */ = {isa = PBXFileReference; lastKnownFileType = image.png; path = player_play.png; sourceTree = "<group>"; };
		5257B1DF1FEF5C6A00B0607F /* PhotoCollerction.swift */ = {isa = PBXFileReference; lastKnownFileType = sourcecode.swift; path = PhotoCollerction.swift; sourceTree = "<group>"; };
		5257B1E11FEF90D700B0607F /* AlbumTableViewCell.xib */ = {isa = PBXFileReference; fileEncoding = 4; lastKnownFileType = file.xib; path = AlbumTableViewCell.xib; sourceTree = "<group>"; };
		5257B1E31FEF90FE00B0607F /* AlbumTableViewCell.swift */ = {isa = PBXFileReference; lastKnownFileType = sourcecode.swift; path = AlbumTableViewCell.swift; sourceTree = "<group>"; };
		5263F4391FEBDD82006DEFC0 /* ImageMemoS.app */ = {isa = PBXFileReference; explicitFileType = wrapper.application; includeInIndex = 0; path = ImageMemoS.app; sourceTree = BUILT_PRODUCTS_DIR; };
		5263F43C1FEBDD82006DEFC0 /* AppDelegate.swift */ = {isa = PBXFileReference; lastKnownFileType = sourcecode.swift; path = AppDelegate.swift; sourceTree = "<group>"; };
		5263F43E1FEBDD82006DEFC0 /* AlbumListViewController.swift */ = {isa = PBXFileReference; lastKnownFileType = sourcecode.swift; path = AlbumListViewController.swift; sourceTree = "<group>"; };
		5263F4411FEBDD82006DEFC0 /* Base */ = {isa = PBXFileReference; lastKnownFileType = file.storyboard; name = Base; path = Base.lproj/Main.storyboard; sourceTree = "<group>"; };
		5263F4461FEBDD82006DEFC0 /* Assets.xcassets */ = {isa = PBXFileReference; lastKnownFileType = folder.assetcatalog; path = Assets.xcassets; sourceTree = "<group>"; };
		5263F4491FEBDD82006DEFC0 /* Base */ = {isa = PBXFileReference; lastKnownFileType = file.storyboard; name = Base; path = Base.lproj/LaunchScreen.storyboard; sourceTree = "<group>"; };
		5263F44B1FEBDD82006DEFC0 /* Info.plist */ = {isa = PBXFileReference; lastKnownFileType = text.plist.xml; path = Info.plist; sourceTree = "<group>"; };
		5263F4501FEBDD83006DEFC0 /* ImageMemoSTests.xctest */ = {isa = PBXFileReference; explicitFileType = wrapper.cfbundle; includeInIndex = 0; path = ImageMemoSTests.xctest; sourceTree = BUILT_PRODUCTS_DIR; };
		5263F45B1FEBDD83006DEFC0 /* ImageMemoSUITests.xctest */ = {isa = PBXFileReference; explicitFileType = wrapper.cfbundle; includeInIndex = 0; path = ImageMemoSUITests.xctest; sourceTree = BUILT_PRODUCTS_DIR; };
		52D936B81FF27F8700C6F6E8 /* MemoEditViewController.swift */ = {isa = PBXFileReference; lastKnownFileType = sourcecode.swift; path = MemoEditViewController.swift; sourceTree = "<group>"; };
		52D936BA1FF27FB500C6F6E8 /* ImageViewController.swift */ = {isa = PBXFileReference; lastKnownFileType = sourcecode.swift; path = ImageViewController.swift; sourceTree = "<group>"; };
		52D936BC1FF27FD500C6F6E8 /* PlayerViewController.swift */ = {isa = PBXFileReference; lastKnownFileType = sourcecode.swift; path = PlayerViewController.swift; sourceTree = "<group>"; };
		52E27A6D1FF2776300DEE411 /* PhotosViewController.swift */ = {isa = PBXFileReference; lastKnownFileType = sourcecode.swift; path = PhotosViewController.swift; sourceTree = "<group>"; };
		52E6A2FD1FF9237A006F3BB6 /* memo_button.png */ = {isa = PBXFileReference; lastKnownFileType = image.png; path = memo_button.png; sourceTree = "<group>"; };
		52E6A2FE1FF9237B006F3BB6 /* share_button.png */ = {isa = PBXFileReference; lastKnownFileType = image.png; path = share_button.png; sourceTree = "<group>"; };
		52E6A2FF1FF9237C006F3BB6 /* setting_button.png */ = {isa = PBXFileReference; lastKnownFileType = image.png; path = setting_button.png; sourceTree = "<group>"; };
		52E6A3001FF9237C006F3BB6 /* back_button.png */ = {isa = PBXFileReference; lastKnownFileType = image.png; path = back_button.png; sourceTree = "<group>"; };
		52E6A3011FF9237C006F3BB6 /* close_button.png */ = {isa = PBXFileReference; lastKnownFileType = image.png; path = close_button.png; sourceTree = "<group>"; };
		52E6A30A1FFA59FA006F3BB6 /* CoreDataManager.swift */ = {isa = PBXFileReference; lastKnownFileType = sourcecode.swift; path = CoreDataManager.swift; sourceTree = "<group>"; };
		52FEAC591FFD09CA000BBB76 /* ImageMemoS.xcdatamodel */ = {isa = PBXFileReference; lastKnownFileType = wrapper.xcdatamodel; path = ImageMemoS.xcdatamodel; sourceTree = "<group>"; };
		52FEAC601FFD1ABE000BBB76 /* memo_mark.png */ = {isa = PBXFileReference; lastKnownFileType = image.png; path = memo_mark.png; sourceTree = "<group>"; };
		52FEAC611FFD1ABE000BBB76 /* select_mark.png */ = {isa = PBXFileReference; lastKnownFileType = image.png; path = select_mark.png; sourceTree = "<group>"; };
		52FEAC6420010C5C000BBB76 /* feature.txt */ = {isa = PBXFileReference; fileEncoding = 4; lastKnownFileType = text; path = feature.txt; sourceTree = "<group>"; };
/* End PBXFileReference section */

/* Begin PBXFrameworksBuildPhase section */
		5263F4361FEBDD82006DEFC0 /* Frameworks */ = {
			isa = PBXFrameworksBuildPhase;
			buildActionMask = 2147483647;
			files = (
			);
			runOnlyForDeploymentPostprocessing = 0;
		};
		5263F44D1FEBDD83006DEFC0 /* Frameworks */ = {
			isa = PBXFrameworksBuildPhase;
			buildActionMask = 2147483647;
			files = (
			);
			runOnlyForDeploymentPostprocessing = 0;
		};
		5263F4581FEBDD83006DEFC0 /* Frameworks */ = {
			isa = PBXFrameworksBuildPhase;
			buildActionMask = 2147483647;
			files = (
			);
			runOnlyForDeploymentPostprocessing = 0;
		};
/* End PBXFrameworksBuildPhase section */

/* Begin PBXGroup section */
		5263F4301FEBDD82006DEFC0 = {
			isa = PBXGroup;
			children = (
				52FEAC6420010C5C000BBB76 /* feature.txt */,
				5263F43B1FEBDD82006DEFC0 /* ImageMemoS */,
				5263F43A1FEBDD82006DEFC0 /* Products */,
			);
			sourceTree = "<group>";
		};
		5263F43A1FEBDD82006DEFC0 /* Products */ = {
			isa = PBXGroup;
			children = (
				5263F4391FEBDD82006DEFC0 /* ImageMemoS.app */,
				5263F4501FEBDD83006DEFC0 /* ImageMemoSTests.xctest */,
				5263F45B1FEBDD83006DEFC0 /* ImageMemoSUITests.xctest */,
			);
			name = Products;
			sourceTree = "<group>";
		};
		5263F43B1FEBDD82006DEFC0 /* ImageMemoS */ = {
			isa = PBXGroup;
			children = (
				52FEAC581FFD09CA000BBB76 /* ImageMemoS.xcdatamodeld */,
				5263F4701FEBDED5006DEFC0 /* Resouce */,
				5263F46E1FEBDEB7006DEFC0 /* ViewController */,
				5263F46D1FEBDEAC006DEFC0 /* Data */,
				5263F43C1FEBDD82006DEFC0 /* AppDelegate.swift */,
				5263F4401FEBDD82006DEFC0 /* Main.storyboard */,
				5263F4461FEBDD82006DEFC0 /* Assets.xcassets */,
				5263F4481FEBDD82006DEFC0 /* LaunchScreen.storyboard */,
				5263F44B1FEBDD82006DEFC0 /* Info.plist */,
			);
			path = ImageMemoS;
			sourceTree = "<group>";
		};
		5263F46D1FEBDEAC006DEFC0 /* Data */ = {
			isa = PBXGroup;
			children = (
				52E6A3071FFA58C7006F3BB6 /* Entity */,
				5257B1DF1FEF5C6A00B0607F /* PhotoCollerction.swift */,
			);
			path = Data;
			sourceTree = "<group>";
		};
		5263F46E1FEBDEB7006DEFC0 /* ViewController */ = {
			isa = PBXGroup;
			children = (
				52FB940E1FEBE560005FC64B /* Cell */,
				5263F43E1FEBDD82006DEFC0 /* AlbumListViewController.swift */,
				52E27A6D1FF2776300DEE411 /* PhotosViewController.swift */,
				52D936B81FF27F8700C6F6E8 /* MemoEditViewController.swift */,
				52D936BA1FF27FB500C6F6E8 /* ImageViewController.swift */,
				52D936BC1FF27FD500C6F6E8 /* PlayerViewController.swift */,
			);
			path = ViewController;
			sourceTree = "<group>";
		};
		5263F4701FEBDED5006DEFC0 /* Resouce */ = {
			isa = PBXGroup;
			children = (
				52FEAC601FFD1ABE000BBB76 /* memo_mark.png */,
				52FEAC611FFD1ABE000BBB76 /* select_mark.png */,
				52E6A3001FF9237C006F3BB6 /* back_button.png */,
				52E6A3011FF9237C006F3BB6 /* close_button.png */,
				52E6A2FD1FF9237A006F3BB6 /* memo_button.png */,
				52E6A2FF1FF9237C006F3BB6 /* setting_button.png */,
				52E6A2FE1FF9237B006F3BB6 /* share_button.png */,
				5257B1D61FEF5C2400B0607F /* player_play.png */,
			);
			path = Resouce;
			sourceTree = "<group>";
		};
		52E6A3071FFA58C7006F3BB6 /* Entity */ = {
			isa = PBXGroup;
			children = (
				52E6A30A1FFA59FA006F3BB6 /* CoreDataManager.swift */,
			);
			path = Entity;
			sourceTree = "<group>";
		};
		52FB940E1FEBE560005FC64B /* Cell */ = {
			isa = PBXGroup;
			children = (
				5257B1E11FEF90D700B0607F /* AlbumTableViewCell.xib */,
				5257B1E31FEF90FE00B0607F /* AlbumTableViewCell.swift */,
			);
			path = Cell;
			sourceTree = "<group>";
		};
/* End PBXGroup section */

/* Begin PBXNativeTarget section */
		5263F4381FEBDD82006DEFC0 /* ImageMemoS */ = {
			isa = PBXNativeTarget;
			buildConfigurationList = 5263F4641FEBDD83006DEFC0 /* Build configuration list for PBXNativeTarget "ImageMemoS" */;
			buildPhases = (
				5263F4351FEBDD82006DEFC0 /* Sources */,
				5263F4361FEBDD82006DEFC0 /* Frameworks */,
				5263F4371FEBDD82006DEFC0 /* Resources */,
			);
			buildRules = (
			);
			dependencies = (
			);
			name = ImageMemoS;
			productName = ImageMemoS;
			productReference = 5263F4391FEBDD82006DEFC0 /* ImageMemoS.app */;
			productType = "com.apple.product-type.application";
		};
		5263F44F1FEBDD83006DEFC0 /* ImageMemoSTests */ = {
			isa = PBXNativeTarget;
			buildConfigurationList = 5263F4671FEBDD83006DEFC0 /* Build configuration list for PBXNativeTarget "ImageMemoSTests" */;
			buildPhases = (
				5263F44C1FEBDD83006DEFC0 /* Sources */,
				5263F44D1FEBDD83006DEFC0 /* Frameworks */,
				5263F44E1FEBDD83006DEFC0 /* Resources */,
			);
			buildRules = (
			);
			dependencies = (
				5263F4521FEBDD83006DEFC0 /* PBXTargetDependency */,
			);
			name = ImageMemoSTests;
			productName = ImageMemoSTests;
			productReference = 5263F4501FEBDD83006DEFC0 /* ImageMemoSTests.xctest */;
			productType = "com.apple.product-type.bundle.unit-test";
		};
		5263F45A1FEBDD83006DEFC0 /* ImageMemoSUITests */ = {
			isa = PBXNativeTarget;
			buildConfigurationList = 5263F46A1FEBDD83006DEFC0 /* Build configuration list for PBXNativeTarget "ImageMemoSUITests" */;
			buildPhases = (
				5263F4571FEBDD83006DEFC0 /* Sources */,
				5263F4581FEBDD83006DEFC0 /* Frameworks */,
				5263F4591FEBDD83006DEFC0 /* Resources */,
			);
			buildRules = (
			);
			dependencies = (
				5263F45D1FEBDD83006DEFC0 /* PBXTargetDependency */,
			);
			name = ImageMemoSUITests;
			productName = ImageMemoSUITests;
			productReference = 5263F45B1FEBDD83006DEFC0 /* ImageMemoSUITests.xctest */;
			productType = "com.apple.product-type.bundle.ui-testing";
		};
/* End PBXNativeTarget section */

/* Begin PBXProject section */
		5263F4311FEBDD82006DEFC0 /* Project object */ = {
			isa = PBXProject;
			attributes = {
				LastSwiftUpdateCheck = 0920;
				LastUpgradeCheck = 0920;
				ORGANIZATIONNAME = "中山浩樹";
				TargetAttributes = {
					5263F4381FEBDD82006DEFC0 = {
						CreatedOnToolsVersion = 9.2;
						ProvisioningStyle = Automatic;
					};
					5263F44F1FEBDD83006DEFC0 = {
						CreatedOnToolsVersion = 9.2;
						ProvisioningStyle = Automatic;
						TestTargetID = 5263F4381FEBDD82006DEFC0;
					};
					5263F45A1FEBDD83006DEFC0 = {
						CreatedOnToolsVersion = 9.2;
						ProvisioningStyle = Automatic;
						TestTargetID = 5263F4381FEBDD82006DEFC0;
					};
				};
			};
			buildConfigurationList = 5263F4341FEBDD82006DEFC0 /* Build configuration list for PBXProject "ImageMemoS" */;
			compatibilityVersion = "Xcode 8.0";
			developmentRegion = en;
			hasScannedForEncodings = 0;
			knownRegions = (
				en,
				Base,
			);
			mainGroup = 5263F4301FEBDD82006DEFC0;
			productRefGroup = 5263F43A1FEBDD82006DEFC0 /* Products */;
			projectDirPath = "";
			projectRoot = "";
			targets = (
				5263F4381FEBDD82006DEFC0 /* ImageMemoS */,
				5263F44F1FEBDD83006DEFC0 /* ImageMemoSTests */,
				5263F45A1FEBDD83006DEFC0 /* ImageMemoSUITests */,
			);
		};
/* End PBXProject section */

/* Begin PBXResourcesBuildPhase section */
		5263F4371FEBDD82006DEFC0 /* Resources */ = {
			isa = PBXResourcesBuildPhase;
			buildActionMask = 2147483647;
			files = (
				52FEAC621FFD1ABF000BBB76 /* memo_mark.png in Resources */,
				52E6A3041FF9237D006F3BB6 /* setting_button.png in Resources */,
				5257B1DE1FEF5C2400B0607F /* player_play.png in Resources */,
				52E6A3051FF9237D006F3BB6 /* back_button.png in Resources */,
				52FEAC631FFD1ABF000BBB76 /* select_mark.png in Resources */,
				52E6A3021FF9237D006F3BB6 /* memo_button.png in Resources */,
				5263F44A1FEBDD82006DEFC0 /* LaunchScreen.storyboard in Resources */,
				5263F4471FEBDD82006DEFC0 /* Assets.xcassets in Resources */,
				52E6A3061FF9237D006F3BB6 /* close_button.png in Resources */,
				5263F4421FEBDD82006DEFC0 /* Main.storyboard in Resources */,
				52FEAC6520010C5D000BBB76 /* feature.txt in Resources */,
				5257B1E21FEF90D700B0607F /* AlbumTableViewCell.xib in Resources */,
				52E6A3031FF9237D006F3BB6 /* share_button.png in Resources */,
			);
			runOnlyForDeploymentPostprocessing = 0;
		};
		5263F44E1FEBDD83006DEFC0 /* Resources */ = {
			isa = PBXResourcesBuildPhase;
			buildActionMask = 2147483647;
			files = (
			);
			runOnlyForDeploymentPostprocessing = 0;
		};
		5263F4591FEBDD83006DEFC0 /* Resources */ = {
			isa = PBXResourcesBuildPhase;
			buildActionMask = 2147483647;
			files = (
			);
			runOnlyForDeploymentPostprocessing = 0;
		};
/* End PBXResourcesBuildPhase section */

/* Begin PBXSourcesBuildPhase section */
		5263F4351FEBDD82006DEFC0 /* Sources */ = {
			isa = PBXSourcesBuildPhase;
			buildActionMask = 2147483647;
			files = (
				5257B1E41FEF90FE00B0607F /* AlbumTableViewCell.swift in Sources */,
				5263F43F1FEBDD82006DEFC0 /* AlbumListViewController.swift in Sources */,
				5257B1E01FEF5C6A00B0607F /* PhotoCollerction.swift in Sources */,
				52E27A6E1FF2776300DEE411 /* PhotosViewController.swift in Sources */,
				52D936B91FF27F8700C6F6E8 /* MemoEditViewController.swift in Sources */,
				52D936BD1FF27FD500C6F6E8 /* PlayerViewController.swift in Sources */,
				5263F43D1FEBDD82006DEFC0 /* AppDelegate.swift in Sources */,
				52D936BB1FF27FB500C6F6E8 /* ImageViewController.swift in Sources */,
				52E6A30B1FFA59FA006F3BB6 /* CoreDataManager.swift in Sources */,
				52FEAC5A1FFD09CA000BBB76 /* ImageMemoS.xcdatamodeld in Sources */,
			);
			runOnlyForDeploymentPostprocessing = 0;
		};
		5263F44C1FEBDD83006DEFC0 /* Sources */ = {
			isa = PBXSourcesBuildPhase;
			buildActionMask = 2147483647;
			files = (
			);
			runOnlyForDeploymentPostprocessing = 0;
		};
		5263F4571FEBDD83006DEFC0 /* Sources */ = {
			isa = PBXSourcesBuildPhase;
			buildActionMask = 2147483647;
			files = (
			);
			runOnlyForDeploymentPostprocessing = 0;
		};
/* End PBXSourcesBuildPhase section */

/* Begin PBXTargetDependency section */
		5263F4521FEBDD83006DEFC0 /* PBXTargetDependency */ = {
			isa = PBXTargetDependency;
			target = 5263F4381FEBDD82006DEFC0 /* ImageMemoS */;
			targetProxy = 5263F4511FEBDD83006DEFC0 /* PBXContainerItemProxy */;
		};
		5263F45D1FEBDD83006DEFC0 /* PBXTargetDependency */ = {
			isa = PBXTargetDependency;
			target = 5263F4381FEBDD82006DEFC0 /* ImageMemoS */;
			targetProxy = 5263F45C1FEBDD83006DEFC0 /* PBXContainerItemProxy */;
		};
/* End PBXTargetDependency section */

/* Begin PBXVariantGroup section */
		5263F4401FEBDD82006DEFC0 /* Main.storyboard */ = {
			isa = PBXVariantGroup;
			children = (
				5263F4411FEBDD82006DEFC0 /* Base */,
			);
			name = Main.storyboard;
			sourceTree = "<group>";
		};
		5263F4481FEBDD82006DEFC0 /* LaunchScreen.storyboard */ = {
			isa = PBXVariantGroup;
			children = (
				5263F4491FEBDD82006DEFC0 /* Base */,
			);
			name = LaunchScreen.storyboard;
			sourceTree = "<group>";
		};
/* End PBXVariantGroup section */

/* Begin XCBuildConfiguration section */
		5263F4621FEBDD83006DEFC0 /* Debug */ = {
			isa = XCBuildConfiguration;
			buildSettings = {
				ALWAYS_SEARCH_USER_PATHS = NO;
				CLANG_ANALYZER_NONNULL = YES;
				CLANG_ANALYZER_NUMBER_OBJECT_CONVERSION = YES_AGGRESSIVE;
				CLANG_CXX_LANGUAGE_STANDARD = "gnu++14";
				CLANG_CXX_LIBRARY = "libc++";
				CLANG_ENABLE_MODULES = YES;
				CLANG_ENABLE_OBJC_ARC = YES;
				CLANG_WARN_BLOCK_CAPTURE_AUTORELEASING = YES;
				CLANG_WARN_BOOL_CONVERSION = YES;
				CLANG_WARN_COMMA = YES;
				CLANG_WARN_CONSTANT_CONVERSION = YES;
				CLANG_WARN_DIRECT_OBJC_ISA_USAGE = YES_ERROR;
				CLANG_WARN_DOCUMENTATION_COMMENTS = YES;
				CLANG_WARN_EMPTY_BODY = YES;
				CLANG_WARN_ENUM_CONVERSION = YES;
				CLANG_WARN_INFINITE_RECURSION = YES;
				CLANG_WARN_INT_CONVERSION = YES;
				CLANG_WARN_NON_LITERAL_NULL_CONVERSION = YES;
				CLANG_WARN_OBJC_LITERAL_CONVERSION = YES;
				CLANG_WARN_OBJC_ROOT_CLASS = YES_ERROR;
				CLANG_WARN_RANGE_LOOP_ANALYSIS = YES;
				CLANG_WARN_STRICT_PROTOTYPES = YES;
				CLANG_WARN_SUSPICIOUS_MOVE = YES;
				CLANG_WARN_UNGUARDED_AVAILABILITY = YES_AGGRESSIVE;
				CLANG_WARN_UNREACHABLE_CODE = YES;
				CLANG_WARN__DUPLICATE_METHOD_MATCH = YES;
				CODE_SIGN_IDENTITY = "iPhone Developer";
				COPY_PHASE_STRIP = NO;
				DEBUG_INFORMATION_FORMAT = dwarf;
				ENABLE_STRICT_OBJC_MSGSEND = YES;
				ENABLE_TESTABILITY = YES;
				GCC_C_LANGUAGE_STANDARD = gnu11;
				GCC_DYNAMIC_NO_PIC = NO;
				GCC_NO_COMMON_BLOCKS = YES;
				GCC_OPTIMIZATION_LEVEL = 0;
				GCC_PREPROCESSOR_DEFINITIONS = (
					"DEBUG=1",
					"$(inherited)",
				);
				GCC_WARN_64_TO_32_BIT_CONVERSION = YES;
				GCC_WARN_ABOUT_RETURN_TYPE = YES_ERROR;
				GCC_WARN_UNDECLARED_SELECTOR = YES;
				GCC_WARN_UNINITIALIZED_AUTOS = YES_AGGRESSIVE;
				GCC_WARN_UNUSED_FUNCTION = YES;
				GCC_WARN_UNUSED_VARIABLE = YES;
				IPHONEOS_DEPLOYMENT_TARGET = 11.2;
				MTL_ENABLE_DEBUG_INFO = YES;
				ONLY_ACTIVE_ARCH = YES;
				SDKROOT = iphoneos;
				SWIFT_ACTIVE_COMPILATION_CONDITIONS = DEBUG;
				SWIFT_OPTIMIZATION_LEVEL = "-Onone";
			};
			name = Debug;
		};
		5263F4631FEBDD83006DEFC0 /* Release */ = {
			isa = XCBuildConfiguration;
			buildSettings = {
				ALWAYS_SEARCH_USER_PATHS = NO;
				CLANG_ANALYZER_NONNULL = YES;
				CLANG_ANALYZER_NUMBER_OBJECT_CONVERSION = YES_AGGRESSIVE;
				CLANG_CXX_LANGUAGE_STANDARD = "gnu++14";
				CLANG_CXX_LIBRARY = "libc++";
				CLANG_ENABLE_MODULES = YES;
				CLANG_ENABLE_OBJC_ARC = YES;
				CLANG_WARN_BLOCK_CAPTURE_AUTORELEASING = YES;
				CLANG_WARN_BOOL_CONVERSION = YES;
				CLANG_WARN_COMMA = YES;
				CLANG_WARN_CONSTANT_CONVERSION = YES;
				CLANG_WARN_DIRECT_OBJC_ISA_USAGE = YES_ERROR;
				CLANG_WARN_DOCUMENTATION_COMMENTS = YES;
				CLANG_WARN_EMPTY_BODY = YES;
				CLANG_WARN_ENUM_CONVERSION = YES;
				CLANG_WARN_INFINITE_RECURSION = YES;
				CLANG_WARN_INT_CONVERSION = YES;
				CLANG_WARN_NON_LITERAL_NULL_CONVERSION = YES;
				CLANG_WARN_OBJC_LITERAL_CONVERSION = YES;
				CLANG_WARN_OBJC_ROOT_CLASS = YES_ERROR;
				CLANG_WARN_RANGE_LOOP_ANALYSIS = YES;
				CLANG_WARN_STRICT_PROTOTYPES = YES;
				CLANG_WARN_SUSPICIOUS_MOVE = YES;
				CLANG_WARN_UNGUARDED_AVAILABILITY = YES_AGGRESSIVE;
				CLANG_WARN_UNREACHABLE_CODE = YES;
				CLANG_WARN__DUPLICATE_METHOD_MATCH = YES;
				CODE_SIGN_IDENTITY = "iPhone Developer";
				COPY_PHASE_STRIP = NO;
				DEBUG_INFORMATION_FORMAT = "dwarf-with-dsym";
				ENABLE_NS_ASSERTIONS = NO;
				ENABLE_STRICT_OBJC_MSGSEND = YES;
				GCC_C_LANGUAGE_STANDARD = gnu11;
				GCC_NO_COMMON_BLOCKS = YES;
				GCC_WARN_64_TO_32_BIT_CONVERSION = YES;
				GCC_WARN_ABOUT_RETURN_TYPE = YES_ERROR;
				GCC_WARN_UNDECLARED_SELECTOR = YES;
				GCC_WARN_UNINITIALIZED_AUTOS = YES_AGGRESSIVE;
				GCC_WARN_UNUSED_FUNCTION = YES;
				GCC_WARN_UNUSED_VARIABLE = YES;
				IPHONEOS_DEPLOYMENT_TARGET = 11.2;
				MTL_ENABLE_DEBUG_INFO = NO;
				SDKROOT = iphoneos;
				SWIFT_OPTIMIZATION_LEVEL = "-Owholemodule";
				VALIDATE_PRODUCT = YES;
			};
			name = Release;
		};
		5263F4651FEBDD83006DEFC0 /* Debug */ = {
			isa = XCBuildConfiguration;
			buildSettings = {
				ASSETCATALOG_COMPILER_APPICON_NAME = AppIcon;
				CODE_SIGN_STYLE = Automatic;
				DEVELOPMENT_TEAM = KUJVKTG5P2;
				INFOPLIST_FILE = ImageMemoS/Info.plist;
				LD_RUNPATH_SEARCH_PATHS = "$(inherited) @executable_path/Frameworks";
				PRODUCT_BUNDLE_IDENTIFIER = nakayama.ImageMemoS;
				PRODUCT_NAME = "$(TARGET_NAME)";
				SWIFT_VERSION = 4.0;
				TARGETED_DEVICE_FAMILY = "1,2";
			};
			name = Debug;
		};
		5263F4661FEBDD83006DEFC0 /* Release */ = {
			isa = XCBuildConfiguration;
			buildSettings = {
				ASSETCATALOG_COMPILER_APPICON_NAME = AppIcon;
				CODE_SIGN_STYLE = Automatic;
				DEVELOPMENT_TEAM = KUJVKTG5P2;
				INFOPLIST_FILE = ImageMemoS/Info.plist;
				LD_RUNPATH_SEARCH_PATHS = "$(inherited) @executable_path/Frameworks";
				PRODUCT_BUNDLE_IDENTIFIER = nakayama.ImageMemoS;
				PRODUCT_NAME = "$(TARGET_NAME)";
				SWIFT_VERSION = 4.0;
				TARGETED_DEVICE_FAMILY = "1,2";
			};
			name = Release;
		};
		5263F4681FEBDD83006DEFC0 /* Debug */ = {
			isa = XCBuildConfiguration;
			buildSettings = {
				ALWAYS_EMBED_SWIFT_STANDARD_LIBRARIES = YES;
				BUNDLE_LOADER = "$(TEST_HOST)";
				CODE_SIGN_STYLE = Automatic;
				DEVELOPMENT_TEAM = KUJVKTG5P2;
				INFOPLIST_FILE = ImageMemoSTests/Info.plist;
				LD_RUNPATH_SEARCH_PATHS = "$(inherited) @executable_path/Frameworks @loader_path/Frameworks";
				PRODUCT_BUNDLE_IDENTIFIER = nakayama.ImageMemoSTests;
				PRODUCT_NAME = "$(TARGET_NAME)";
				SWIFT_VERSION = 4.0;
				TARGETED_DEVICE_FAMILY = "1,2";
				TEST_HOST = "$(BUILT_PRODUCTS_DIR)/ImageMemoS.app/ImageMemoS";
			};
			name = Debug;
		};
		5263F4691FEBDD83006DEFC0 /* Release */ = {
			isa = XCBuildConfiguration;
			buildSettings = {
				ALWAYS_EMBED_SWIFT_STANDARD_LIBRARIES = YES;
				BUNDLE_LOADER = "$(TEST_HOST)";
				CODE_SIGN_STYLE = Automatic;
				DEVELOPMENT_TEAM = KUJVKTG5P2;
				INFOPLIST_FILE = ImageMemoSTests/Info.plist;
				LD_RUNPATH_SEARCH_PATHS = "$(inherited) @executable_path/Frameworks @loader_path/Frameworks";
				PRODUCT_BUNDLE_IDENTIFIER = nakayama.ImageMemoSTests;
				PRODUCT_NAME = "$(TARGET_NAME)";
				SWIFT_VERSION = 4.0;
				TARGETED_DEVICE_FAMILY = "1,2";
				TEST_HOST = "$(BUILT_PRODUCTS_DIR)/ImageMemoS.app/ImageMemoS";
			};
			name = Release;
		};
		5263F46B1FEBDD83006DEFC0 /* Debug */ = {
			isa = XCBuildConfiguration;
			buildSettings = {
				ALWAYS_EMBED_SWIFT_STANDARD_LIBRARIES = YES;
				CODE_SIGN_STYLE = Automatic;
				DEVELOPMENT_TEAM = KUJVKTG5P2;
				INFOPLIST_FILE = ImageMemoSUITests/Info.plist;
				LD_RUNPATH_SEARCH_PATHS = "$(inherited) @executable_path/Frameworks @loader_path/Frameworks";
				PRODUCT_BUNDLE_IDENTIFIER = nakayama.ImageMemoSUITests;
				PRODUCT_NAME = "$(TARGET_NAME)";
				SWIFT_VERSION = 4.0;
				TARGETED_DEVICE_FAMILY = "1,2";
				TEST_TARGET_NAME = ImageMemoS;
			};
			name = Debug;
		};
		5263F46C1FEBDD83006DEFC0 /* Release */ = {
			isa = XCBuildConfiguration;
			buildSettings = {
				ALWAYS_EMBED_SWIFT_STANDARD_LIBRARIES = YES;
				CODE_SIGN_STYLE = Automatic;
				DEVELOPMENT_TEAM = KUJVKTG5P2;
				INFOPLIST_FILE = ImageMemoSUITests/Info.plist;
				LD_RUNPATH_SEARCH_PATHS = "$(inherited) @executable_path/Frameworks @loader_path/Frameworks";
				PRODUCT_BUNDLE_IDENTIFIER = nakayama.ImageMemoSUITests;
				PRODUCT_NAME = "$(TARGET_NAME)";
				SWIFT_VERSION = 4.0;
				TARGETED_DEVICE_FAMILY = "1,2";
				TEST_TARGET_NAME = ImageMemoS;
			};
			name = Release;
		};
/* End XCBuildConfiguration section */

/* Begin XCConfigurationList section */
		5263F4341FEBDD82006DEFC0 /* Build configuration list for PBXProject "ImageMemoS" */ = {
			isa = XCConfigurationList;
			buildConfigurations = (
				5263F4621FEBDD83006DEFC0 /* Debug */,
				5263F4631FEBDD83006DEFC0 /* Release */,
			);
			defaultConfigurationIsVisible = 0;
			defaultConfigurationName = Release;
		};
		5263F4641FEBDD83006DEFC0 /* Build configuration list for PBXNativeTarget "ImageMemoS" */ = {
			isa = XCConfigurationList;
			buildConfigurations = (
				5263F4651FEBDD83006DEFC0 /* Debug */,
				5263F4661FEBDD83006DEFC0 /* Release */,
			);
			defaultConfigurationIsVisible = 0;
			defaultConfigurationName = Release;
		};
		5263F4671FEBDD83006DEFC0 /* Build configuration list for PBXNativeTarget "ImageMemoSTests" */ = {
			isa = XCConfigurationList;
			buildConfigurations = (
				5263F4681FEBDD83006DEFC0 /* Debug */,
				5263F4691FEBDD83006DEFC0 /* Release */,
			);
			defaultConfigurationIsVisible = 0;
			defaultConfigurationName = Release;
		};
		5263F46A1FEBDD83006DEFC0 /* Build configuration list for PBXNativeTarget "ImageMemoSUITests" */ = {
			isa = XCConfigurationList;
			buildConfigurations = (
				5263F46B1FEBDD83006DEFC0 /* Debug */,
				5263F46C1FEBDD83006DEFC0 /* Release */,
			);
			defaultConfigurationIsVisible = 0;
			defaultConfigurationName = Release;
		};
/* End XCConfigurationList section */

/* Begin XCVersionGroup section */
		52FEAC581FFD09CA000BBB76 /* ImageMemoS.xcdatamodeld */ = {
			isa = XCVersionGroup;
			children = (
				52FEAC591FFD09CA000BBB76 /* ImageMemoS.xcdatamodel */,
			);
			currentVersion = 52FEAC591FFD09CA000BBB76 /* ImageMemoS.xcdatamodel */;
			path = ImageMemoS.xcdatamodeld;
			sourceTree = "<group>";
			versionGroupType = wrapper.xcdatamodel;
		};
/* End XCVersionGroup section */
	};
	rootObject = 5263F4311FEBDD82006DEFC0 /* Project object */;
}
